
Microsoft Visual Studio Solution File, Format Version 12.00
# Visual Studio 2012
Project("{FAE04EC0-301F-11D3-BF4B-00C04F79EFBC}") = "SampleWebService", "SampleWebService\SampleWebService.csproj", "{92A2B5CE-99EB-4075-839C-B88ED620109D}"
EndProject
Project("{FAE04EC0-301F-11D3-BF4B-00C04F79EFBC}") = "SampleServiceClient", "SampleServiceClient\SampleServiceClient.csproj", "{8831C533-D8C2-4DF5-8F47-480F19720DF1}"
	ProjectSection(ProjectDependencies) = postProject
		{92A2B5CE-99EB-4075-839C-B88ED620109D} = {92A2B5CE-99EB-4075-839C-B88ED620109D}
	EndProjectSection
EndProject
Project("{FAE04EC0-301F-11D3-BF4B-00C04F79EFBC}") = "SampleServiceClient.Tests", "SampleServiceClient.Tests\SampleServiceClient.Tests.csproj", "{F14C2F34-042D-4E58-9AF7-9211CA546052}"
EndProject
Project("{FAE04EC0-301F-11D3-BF4B-00C04F79EFBC}") = "SampleMvcApp", "SampleMvcApp\SampleMvcApp.csproj", "{80943D9B-1BC5-47AB-BAAC-66C7536B12E5}"
EndProject
Global
	GlobalSection(SolutionConfigurationPlatforms) = preSolution
		Debug|Any CPU = Debug|Any CPU
		Release|Any CPU = Release|Any CPU
	EndGlobalSection
	GlobalSection(ProjectConfigurationPlatforms) = postSolution
		{92A2B5CE-99EB-4075-839C-B88ED620109D}.Debug|Any CPU.ActiveCfg = Debug|Any CPU
		{92A2B5CE-99EB-4075-839C-B88ED620109D}.Debug|Any CPU.Build.0 = Debug|Any CPU
		{92A2B5CE-99EB-4075-839C-B88ED620109D}.Release|Any CPU.ActiveCfg = Release|Any CPU
		{92A2B5CE-99EB-4075-839C-B88ED620109D}.Release|Any CPU.Build.0 = Release|Any CPU
		{8831C533-D8C2-4DF5-8F47-480F19720DF1}.Debug|Any CPU.ActiveCfg = Debug|Any CPU
		{8831C533-D8C2-4DF5-8F47-480F19720DF1}.Debug|Any CPU.Build.0 = Debug|Any CPU
		{8831C533-D8C2-4DF5-8F47-480F19720DF1}.Release|Any CPU.ActiveCfg = Release|Any CPU
		{8831C533-D8C2-4DF5-8F47-480F19720DF1}.Release|Any CPU.Build.0 = Release|Any CPU
		{F14C2F34-042D-4E58-9AF7-9211CA546052}.Debug|Any CPU.ActiveCfg = Debug|Any CPU
		{F14C2F34-042D-4E58-9AF7-9211CA546052}.Debug|Any CPU.Build.0 = Debug|Any CPU
		{F14C2F34-042D-4E58-9AF7-9211CA546052}.Release|Any CPU.ActiveCfg = Release|Any CPU
		{F14C2F34-042D-4E58-9AF7-9211CA546052}.Release|Any CPU.Build.0 = Release|Any CPU
		{80943D9B-1BC5-47AB-BAAC-66C7536B12E5}.Debug|Any CPU.ActiveCfg = Debug|Any CPU
		{80943D9B-1BC5-47AB-BAAC-66C7536B12E5}.Debug|Any CPU.Build.0 = Debug|Any CPU
		{80943D9B-1BC5-47AB-BAAC-66C7536B12E5}.Release|Any CPU.ActiveCfg = Release|Any CPU
		{80943D9B-1BC5-47AB-BAAC-66C7536B12E5}.Release|Any CPU.Build.0 = Release|Any CPU
	EndGlobalSection
	GlobalSection(SolutionProperties) = preSolution
		HideSolutionNode = FALSE
	EndGlobalSection
EndGlobal
